Microsoft Visual Studio Solution File, Format Version 8.00
Project("{8BC9CEB8-8B4A-11D0-8D11-00A0C91BC942}") = "dtSearchNetApi", "dtSearchNetApi.vcproj", "{1A2880FE-CDB7-4585-B557-209049A89B3B}"
	ProjectSection(ProjectDependencies) = postProject
	EndProjectSection
EndProject
Global
	GlobalSection(DPCodeReviewSolutionGUID) = preSolution
		DPCodeReviewSolutionGUID = {00000000-0000-0000-0000-000000000000}
	EndGlobalSection
	GlobalSection(SolutionConfiguration) = preSolution
		Debug = Debug
		dtSearch Internal Debug = dtSearch Internal Debug
		Release = Release
	EndGlobalSection
	GlobalSection(ProjectConfiguration) = postSolution
		{1A2880FE-CDB7-4585-B557-209049A89B3B}.Debug.ActiveCfg = Debug|Win32
		{1A2880FE-CDB7-4585-B557-209049A89B3B}.Debug.Build.0 = Debug|Win32
		{1A2880FE-CDB7-4585-B557-209049A89B3B}.dtSearch Internal Debug.ActiveCfg = dtSearch Internal Debug|Win32
		{1A2880FE-CDB7-4585-B557-209049A89B3B}.dtSearch Internal Debug.Build.0 = dtSearch Internal Debug|Win32
		{1A2880FE-CDB7-4585-B557-209049A89B3B}.Release.ActiveCfg = Release|Win32
		{1A2880FE-CDB7-4585-B557-209049A89B3B}.Release.Build.0 = Release|Win32
	EndGlobalSection
	GlobalSection(ExtensibilityGlobals) = postSolution
	EndGlobalSection
	GlobalSection(ExtensibilityAddIns) = postSolution
	EndGlobalSection
EndGlobal
