<?xml version="1.0" encoding="utf-8"?>
<Project ToolsVersion="4.0" xmlns="http://schemas.microsoft.com/developer/msbuild/2003">
  <ItemGroup>
    <Filter Include="Header Files">
      <UniqueIdentifier>{7f15c708-598f-4a7b-9fe0-c3084f5efdc4}</UniqueIdentifier>
    </Filter>
  </ItemGroup>
  <ItemGroup>
    <ClInclude Include="..\INCLUDE\dstring.h">
      <Filter>Header Files</Filter>
    </ClInclude>
    <ClInclude Include="..\include\dtcgi.h">
      <Filter>Header Files</Filter>
    </ClInclude>
    <ClInclude Include="..\INCLUDE\dtsearch.h">
      <Filter>Header Files</Filter>
    </ClInclude>
    <ClInclude Include="..\include\dtsviewr.h">
      <Filter>Header Files</Filter>
    </ClInclude>
    <ClInclude Include="stdafx.h" />
  </ItemGroup>
  <ItemGroup>
    <ClCompile Include="dsource.cpp" />
    <ClCompile Include="..\..\cpp\common\dtsearch.cpp" />
    <ClCompile Include="..\..\cpp\common\dtsviewr.cpp" />
    <ClCompile Include="stdafx.cpp" />
  </ItemGroup>
</Project>