Microsoft Visual Studio Solution File, Format Version 12.00
# Visual Studio 14
VisualStudioVersion = 14.0.25123.0
MinimumVisualStudioVersion = 10.0.40219.1
Project("{8BC9CEB8-8B4A-11D0-8D11-00A0C91BC942}") = "dtsfclib", "dtsfclib.vcxproj", "{0A938B48-402A-4E97-8A76-824E84CC79DA}"
EndProject
Global
	GlobalSection(SolutionConfigurationPlatforms) = preSolution
		Debug|Win32 = Debug|Win32
		Debug|x64 = Debug|x64
		Release Static|Win32 = Release Static|Win32
		Release Static|x64 = Release Static|x64
		Release|Win32 = Release|Win32
		Release|x64 = Release|x64
	EndGlobalSection
	GlobalSection(ProjectConfigurationPlatforms) = postSolution
		{0A938B48-402A-4E97-8A76-824E84CC79DA}.Debug|Win32.ActiveCfg = Debug|Win32
		{0A938B48-402A-4E97-8A76-824E84CC79DA}.Debug|Win32.Build.0 = Debug|Win32
		{0A938B48-402A-4E97-8A76-824E84CC79DA}.Debug|x64.ActiveCfg = Debug|x64
		{0A938B48-402A-4E97-8A76-824E84CC79DA}.Debug|x64.Build.0 = Debug|x64
		{0A938B48-402A-4E97-8A76-824E84CC79DA}.Release Static|Win32.ActiveCfg = Release Static|Win32
		{0A938B48-402A-4E97-8A76-824E84CC79DA}.Release Static|Win32.Build.0 = Release Static|Win32
		{0A938B48-402A-4E97-8A76-824E84CC79DA}.Release Static|x64.ActiveCfg = Release Static|x64
		{0A938B48-402A-4E97-8A76-824E84CC79DA}.Release Static|x64.Build.0 = Release Static|x64
		{0A938B48-402A-4E97-8A76-824E84CC79DA}.Release|Win32.ActiveCfg = Release|Win32
		{0A938B48-402A-4E97-8A76-824E84CC79DA}.Release|Win32.Build.0 = Release|Win32
		{0A938B48-402A-4E97-8A76-824E84CC79DA}.Release|x64.ActiveCfg = Release|x64
		{0A938B48-402A-4E97-8A76-824E84CC79DA}.Release|x64.Build.0 = Release|x64
	EndGlobalSection
	GlobalSection(SolutionProperties) = preSolution
		HideSolutionNode = FALSE
	EndGlobalSection
EndGlobal
